
Microsoft Visual Studio Solution File, Format Version 12.00
# Visual Studio Version 17
VisualStudioVersion = 17.8.34330.188
MinimumVisualStudioVersion = 10.0.40219.1
Project("{2150E333-8FDC-42A3-9474-1A3956D46DE8}") = "src", "src", "{EF53CEEA-41FD-40C6-8BF9-983DEA2DF5DF}"
EndProject
Project("{2150E333-8FDC-42A3-9474-1A3956D46DE8}") = "tests", "tests", "{361C0F5D-A945-4D7B-8FCA-32230BD6D747}"
EndProject
Project("{9A19103F-16F7-4668-BE54-9A1E7A4F7556}") = "FlightSearch.API", "src\Services\FlightSearch.API\FlightSearch.API.csproj", "{8BD33D85-5235-4318-81BE-962441F648B1}"
EndProject
Project("{2150E333-8FDC-42A3-9474-1A3956D46DE8}") = "Providers", "Providers", "{BEA1FFE6-B38A-4D9D-AF27-1283101CB6BC}"
EndProject
Project("{9A19103F-16F7-4668-BE54-9A1E7A4F7556}") = "HopeAir.Provider", "src\Services\Providers\HopeAir.Provider\HopeAir.Provider.csproj", "{80ABFF64-79DB-420A-B9DF-0C9B1A48A89A}"
EndProject
Project("{9A19103F-16F7-4668-BE54-9A1E7A4F7556}") = "AybJet.Provider", "src\Services\Providers\AybJet.Provider\AybJet.Provider.csproj", "{14727301-43C0-4B48-AFC5-1CDD09EB1E33}"
EndProject
Project("{2150E333-8FDC-42A3-9474-1A3956D46DE8}") = "Common", "Common", "{62268EBE-3512-491F-92FF-A44D65FE0565}"
EndProject
Project("{9A19103F-16F7-4668-BE54-9A1E7A4F7556}") = "FlightSearch.Common.Core", "src\Common\FlightSearch.Common.Core\FlightSearch.Common.Core.csproj", "{0C8F6AF9-E234-48BA-8C2A-B154FC267DD0}"
EndProject
Project("{9A19103F-16F7-4668-BE54-9A1E7A4F7556}") = "FlightSearch.Common.Utilities", "src\Common\FlightSearch.Common.Utilities\FlightSearch.Common.Utilities.csproj", "{1830F76E-F3E1-4508-ABA5-5CA5BD7D85A2}"
EndProject
Project("{9A19103F-16F7-4668-BE54-9A1E7A4F7556}") = "FlightSearch.Common.MockGenerator", "src\Common\FlightSearch.Common.MockGenerator\FlightSearch.Common.MockGenerator.csproj", "{612F4AF0-6027-4378-8539-EE4A1A6E6430}"
EndProject
Project("{9A19103F-16F7-4668-BE54-9A1E7A4F7556}") = "FlightSearch.Common.Application", "src\Common\FlightSearch.Common.Application\FlightSearch.Common.Application.csproj", "{AC0CCB87-A574-4694-9C1F-24517D7D4A7B}"
EndProject
Project("{9A19103F-16F7-4668-BE54-9A1E7A4F7556}") = "FlightSearch.Common.GenericHttpClient", "src\Common\FlightSearch.Common.HttpClient\FlightSearch.Common.GenericHttpClient.csproj", "{13CB10CB-8A0B-42EA-8209-5EFFB12F2074}"
EndProject
Project("{9A19103F-16F7-4668-BE54-9A1E7A4F7556}") = "AybJet.Provider.Tests", "src\tests\AybJet.Provider.Tests\AybJet.Provider.Tests.csproj", "{2919D1BF-7EF4-4F4A-B83D-A5ABE955C4EF}"
EndProject
Project("{9A19103F-16F7-4668-BE54-9A1E7A4F7556}") = "HopeAir.Provider.Tests", "src\tests\HopeAir.Provider.Tests\HopeAir.Provider.Tests.csproj", "{93B30A75-A44A-479A-B0BB-911CEDB0B6B3}"
EndProject
Project("{9A19103F-16F7-4668-BE54-9A1E7A4F7556}") = "FlightSearch.API.Tests", "src\tests\FlightSearch.API.Tests\FlightSearch.API.Tests.csproj", "{1E6C3433-3832-4010-8E66-566DC51CDD46}"
EndProject
Project("{9A19103F-16F7-4668-BE54-9A1E7A4F7556}") = "FlightSearch.Common.Application.Tests", "src\tests\FlightSearch.Common.Application.Tests\FlightSearch.Common.Application.Tests.csproj", "{171CFB64-459E-46F8-8014-D884F787E3E2}"
EndProject
Project("{2150E333-8FDC-42A3-9474-1A3956D46DE8}") = "Services", "Services", "{762BB75C-8ACD-49F1-8DC6-CF69F3B1BB79}"
EndProject
Project("{E53339B2-1760-4266-BCC7-CA923CBCF16C}") = "docker-compose", "docker-compose.dcproj", "{ACBBF203-5723-4DEA-9B04-D513794DC35A}"
EndProject
Project("{2150E333-8FDC-42A3-9474-1A3956D46DE8}") = "Solution Items", "Solution Items", "{70561F16-7D8B-4C2A-A44B-840668AE74B0}"
	ProjectSection(SolutionItems) = preProject
		.dockerignore = .dockerignore
		.gitignore = .gitignore
		README.md = README.md
	EndProjectSection
EndProject
Global
	GlobalSection(SolutionConfigurationPlatforms) = preSolution
		Debug|Any CPU = Debug|Any CPU
		Release|Any CPU = Release|Any CPU
	EndGlobalSection
	GlobalSection(ProjectConfigurationPlatforms) = postSolution
		{8BD33D85-5235-4318-81BE-962441F648B1}.Debug|Any CPU.ActiveCfg = Debug|Any CPU
		{8BD33D85-5235-4318-81BE-962441F648B1}.Debug|Any CPU.Build.0 = Debug|Any CPU
		{8BD33D85-5235-4318-81BE-962441F648B1}.Release|Any CPU.ActiveCfg = Release|Any CPU
		{8BD33D85-5235-4318-81BE-962441F648B1}.Release|Any CPU.Build.0 = Release|Any CPU
		{80ABFF64-79DB-420A-B9DF-0C9B1A48A89A}.Debug|Any CPU.ActiveCfg = Debug|Any CPU
		{80ABFF64-79DB-420A-B9DF-0C9B1A48A89A}.Debug|Any CPU.Build.0 = Debug|Any CPU
		{80ABFF64-79DB-420A-B9DF-0C9B1A48A89A}.Release|Any CPU.ActiveCfg = Release|Any CPU
		{80ABFF64-79DB-420A-B9DF-0C9B1A48A89A}.Release|Any CPU.Build.0 = Release|Any CPU
		{14727301-43C0-4B48-AFC5-1CDD09EB1E33}.Debug|Any CPU.ActiveCfg = Debug|Any CPU
		{14727301-43C0-4B48-AFC5-1CDD09EB1E33}.Debug|Any CPU.Build.0 = Debug|Any CPU
		{14727301-43C0-4B48-AFC5-1CDD09EB1E33}.Release|Any CPU.ActiveCfg = Release|Any CPU
		{14727301-43C0-4B48-AFC5-1CDD09EB1E33}.Release|Any CPU.Build.0 = Release|Any CPU
		{0C8F6AF9-E234-48BA-8C2A-B154FC267DD0}.Debug|Any CPU.ActiveCfg = Debug|Any CPU
		{0C8F6AF9-E234-48BA-8C2A-B154FC267DD0}.Debug|Any CPU.Build.0 = Debug|Any CPU
		{0C8F6AF9-E234-48BA-8C2A-B154FC267DD0}.Release|Any CPU.ActiveCfg = Release|Any CPU
		{0C8F6AF9-E234-48BA-8C2A-B154FC267DD0}.Release|Any CPU.Build.0 = Release|Any CPU
		{1830F76E-F3E1-4508-ABA5-5CA5BD7D85A2}.Debug|Any CPU.ActiveCfg = Debug|Any CPU
		{1830F76E-F3E1-4508-ABA5-5CA5BD7D85A2}.Debug|Any CPU.Build.0 = Debug|Any CPU
		{1830F76E-F3E1-4508-ABA5-5CA5BD7D85A2}.Release|Any CPU.ActiveCfg = Release|Any CPU
		{1830F76E-F3E1-4508-ABA5-5CA5BD7D85A2}.Release|Any CPU.Build.0 = Release|Any CPU
		{612F4AF0-6027-4378-8539-EE4A1A6E6430}.Debug|Any CPU.ActiveCfg = Debug|Any CPU
		{612F4AF0-6027-4378-8539-EE4A1A6E6430}.Debug|Any CPU.Build.0 = Debug|Any CPU
		{612F4AF0-6027-4378-8539-EE4A1A6E6430}.Release|Any CPU.ActiveCfg = Release|Any CPU
		{612F4AF0-6027-4378-8539-EE4A1A6E6430}.Release|Any CPU.Build.0 = Release|Any CPU
		{AC0CCB87-A574-4694-9C1F-24517D7D4A7B}.Debug|Any CPU.ActiveCfg = Debug|Any CPU
		{AC0CCB87-A574-4694-9C1F-24517D7D4A7B}.Debug|Any CPU.Build.0 = Debug|Any CPU
		{AC0CCB87-A574-4694-9C1F-24517D7D4A7B}.Release|Any CPU.ActiveCfg = Release|Any CPU
		{AC0CCB87-A574-4694-9C1F-24517D7D4A7B}.Release|Any CPU.Build.0 = Release|Any CPU
		{13CB10CB-8A0B-42EA-8209-5EFFB12F2074}.Debug|Any CPU.ActiveCfg = Debug|Any CPU
		{13CB10CB-8A0B-42EA-8209-5EFFB12F2074}.Debug|Any CPU.Build.0 = Debug|Any CPU
		{13CB10CB-8A0B-42EA-8209-5EFFB12F2074}.Release|Any CPU.ActiveCfg = Release|Any CPU
		{13CB10CB-8A0B-42EA-8209-5EFFB12F2074}.Release|Any CPU.Build.0 = Release|Any CPU
		{2919D1BF-7EF4-4F4A-B83D-A5ABE955C4EF}.Debug|Any CPU.ActiveCfg = Debug|Any CPU
		{2919D1BF-7EF4-4F4A-B83D-A5ABE955C4EF}.Debug|Any CPU.Build.0 = Debug|Any CPU
		{2919D1BF-7EF4-4F4A-B83D-A5ABE955C4EF}.Release|Any CPU.ActiveCfg = Release|Any CPU
		{2919D1BF-7EF4-4F4A-B83D-A5ABE955C4EF}.Release|Any CPU.Build.0 = Release|Any CPU
		{93B30A75-A44A-479A-B0BB-911CEDB0B6B3}.Debug|Any CPU.ActiveCfg = Debug|Any CPU
		{93B30A75-A44A-479A-B0BB-911CEDB0B6B3}.Debug|Any CPU.Build.0 = Debug|Any CPU
		{93B30A75-A44A-479A-B0BB-911CEDB0B6B3}.Release|Any CPU.ActiveCfg = Release|Any CPU
		{93B30A75-A44A-479A-B0BB-911CEDB0B6B3}.Release|Any CPU.Build.0 = Release|Any CPU
		{1E6C3433-3832-4010-8E66-566DC51CDD46}.Debug|Any CPU.ActiveCfg = Debug|Any CPU
		{1E6C3433-3832-4010-8E66-566DC51CDD46}.Debug|Any CPU.Build.0 = Debug|Any CPU
		{1E6C3433-3832-4010-8E66-566DC51CDD46}.Release|Any CPU.ActiveCfg = Release|Any CPU
		{1E6C3433-3832-4010-8E66-566DC51CDD46}.Release|Any CPU.Build.0 = Release|Any CPU
		{171CFB64-459E-46F8-8014-D884F787E3E2}.Debug|Any CPU.ActiveCfg = Debug|Any CPU
		{171CFB64-459E-46F8-8014-D884F787E3E2}.Debug|Any CPU.Build.0 = Debug|Any CPU
		{171CFB64-459E-46F8-8014-D884F787E3E2}.Release|Any CPU.ActiveCfg = Release|Any CPU
		{171CFB64-459E-46F8-8014-D884F787E3E2}.Release|Any CPU.Build.0 = Release|Any CPU
		{ACBBF203-5723-4DEA-9B04-D513794DC35A}.Debug|Any CPU.ActiveCfg = Debug|Any CPU
		{ACBBF203-5723-4DEA-9B04-D513794DC35A}.Debug|Any CPU.Build.0 = Debug|Any CPU
		{ACBBF203-5723-4DEA-9B04-D513794DC35A}.Release|Any CPU.ActiveCfg = Release|Any CPU
		{ACBBF203-5723-4DEA-9B04-D513794DC35A}.Release|Any CPU.Build.0 = Release|Any CPU
	EndGlobalSection
	GlobalSection(SolutionProperties) = preSolution
		HideSolutionNode = FALSE
	EndGlobalSection
	GlobalSection(NestedProjects) = preSolution
		{8BD33D85-5235-4318-81BE-962441F648B1} = {762BB75C-8ACD-49F1-8DC6-CF69F3B1BB79}
		{BEA1FFE6-B38A-4D9D-AF27-1283101CB6BC} = {762BB75C-8ACD-49F1-8DC6-CF69F3B1BB79}
		{80ABFF64-79DB-420A-B9DF-0C9B1A48A89A} = {BEA1FFE6-B38A-4D9D-AF27-1283101CB6BC}
		{14727301-43C0-4B48-AFC5-1CDD09EB1E33} = {BEA1FFE6-B38A-4D9D-AF27-1283101CB6BC}
		{62268EBE-3512-491F-92FF-A44D65FE0565} = {EF53CEEA-41FD-40C6-8BF9-983DEA2DF5DF}
		{0C8F6AF9-E234-48BA-8C2A-B154FC267DD0} = {62268EBE-3512-491F-92FF-A44D65FE0565}
		{1830F76E-F3E1-4508-ABA5-5CA5BD7D85A2} = {62268EBE-3512-491F-92FF-A44D65FE0565}
		{612F4AF0-6027-4378-8539-EE4A1A6E6430} = {62268EBE-3512-491F-92FF-A44D65FE0565}
		{AC0CCB87-A574-4694-9C1F-24517D7D4A7B} = {62268EBE-3512-491F-92FF-A44D65FE0565}
		{13CB10CB-8A0B-42EA-8209-5EFFB12F2074} = {62268EBE-3512-491F-92FF-A44D65FE0565}
		{2919D1BF-7EF4-4F4A-B83D-A5ABE955C4EF} = {361C0F5D-A945-4D7B-8FCA-32230BD6D747}
		{93B30A75-A44A-479A-B0BB-911CEDB0B6B3} = {361C0F5D-A945-4D7B-8FCA-32230BD6D747}
		{1E6C3433-3832-4010-8E66-566DC51CDD46} = {361C0F5D-A945-4D7B-8FCA-32230BD6D747}
		{171CFB64-459E-46F8-8014-D884F787E3E2} = {361C0F5D-A945-4D7B-8FCA-32230BD6D747}
		{762BB75C-8ACD-49F1-8DC6-CF69F3B1BB79} = {EF53CEEA-41FD-40C6-8BF9-983DEA2DF5DF}
	EndGlobalSection
	GlobalSection(ExtensibilityGlobals) = postSolution
		SolutionGuid = {04054210-8AE4-4069-8FC0-C2A28991FC3A}
	EndGlobalSection
EndGlobal
